
Microsoft Visual Studio Solution File, Format Version 12.00
# Visual Studio Version 17
VisualStudioVersion = 17.4.33403.182
MinimumVisualStudioVersion = 10.0.40219.1
Project("{FAE04EC0-301F-11D3-BF4B-00C04F79EFBC}") = "ConsoleApp5", "ConsoleApp5\ConsoleApp5.csproj", "{2311906E-367D-4D06-8181-E0053D969C7D}"
EndProject
Global
	GlobalSection(SolutionConfigurationPlatforms) = preSolution
		Debug|Any CPU = Debug|Any CPU
		Release|Any CPU = Release|Any CPU
	EndGlobalSection
	GlobalSection(ProjectConfigurationPlatforms) = postSolution
		{2311906E-367D-4D06-8181-E0053D969C7D}.Debug|Any CPU.ActiveCfg = Debug|Any CPU
		{2311906E-367D-4D06-8181-E0053D969C7D}.Debug|Any CPU.Build.0 = Debug|Any CPU
		{2311906E-367D-4D06-8181-E0053D969C7D}.Release|Any CPU.ActiveCfg = Release|Any CPU
		{2311906E-367D-4D06-8181-E0053D969C7D}.Release|Any CPU.Build.0 = Release|Any CPU
	EndGlobalSection
	GlobalSection(SolutionProperties) = preSolution
		HideSolutionNode = FALSE
	EndGlobalSection
	GlobalSection(ExtensibilityGlobals) = postSolution
		SolutionGuid = {67C48B93-22C1-41A6-9632-EB910052BD0D}
	EndGlobalSection
EndGlobal
